<?xml version="1.0" encoding="utf-8"?>
<Project ToolsVersion="4.0" xmlns="http://schemas.microsoft.com/developer/msbuild/2003">
  <ItemGroup>
    <Filter Include="Source Files">
      <UniqueIdentifier>{4FC737F1-C7A5-4376-A066-2A32D752A2FF}</UniqueIdentifier>
      <Extensions>cpp;c;cc;cxx;def;odl;idl;hpj;bat;asm;asmx</Extensions>
    </Filter>
    <Filter Include="Header Files">
      <UniqueIdentifier>{93995380-89BD-4b04-88EB-625FBE52EBFB}</UniqueIdentifier>
      <Extensions>h;hpp;hxx;hm;inl;inc;xsd</Extensions>
    </Filter>
    <Filter Include="Resource Files">
      <UniqueIdentifier>{67DA6AB6-F800-4c08-8B7A-83BB121AAD01}</UniqueIdentifier>
      <Extensions>rc;ico;cur;bmp;dlg;rc2;rct;bin;rgs;gif;jpg;jpeg;jpe;resx;tiff;tif;png;wav;mfcribbon-ms</Extensions>
    </Filter>
    <Filter Include="Driver Files">
      <UniqueIdentifier>{8E41214B-6785-4CFE-B992-037D68949A14}</UniqueIdentifier>
      <Extensions>inf;inv;inx;mof;mc;</Extensions>
    </Filter>
    <Filter Include="Header Files\Native">
      <UniqueIdentifier>{227178ce-123f-42d2-b69c-2c1d87d9631f}</UniqueIdentifier>
    </Filter>
  </ItemGroup>
  <ItemGroup>
    <Inf Include="Anti-Cheat.inf">
      <Filter>Driver Files</Filter>
    </Inf>
  </ItemGroup>
  <ItemGroup>
    <ResourceCompile Include="Anti-Cheat.rc">
      <Filter>Resource Files</Filter>
    </ResourceCompile>
  </ItemGroup>
  <ItemGroup>
    <ClCompile Include="Anti-Cheat.cpp">
      <Filter>Source Files</Filter>
    </ClCompile>
    <ClCompile Include="Anti-CheatCallback.cpp">
      <Filter>Source Files</Filter>
    </ClCompile>
    <ClCompile Include="Anti-CheatMiniFilter.cpp">
      <Filter>Source Files</Filter>
    </ClCompile>
    <ClCompile Include="salsa20.cpp">
      <Filter>Source Files</Filter>
    </ClCompile>
    <ClCompile Include="Anti-CheatUtil.cpp">
      <Filter>Source Files</Filter>
    </ClCompile>
    <ClCompile Include="Anti-CheatRule.cpp">
      <Filter>Source Files</Filter>
    </ClCompile>
    <ClCompile Include="Anti-CheatProtect.cpp">
      <Filter>Source Files</Filter>
    </ClCompile>
    <ClCompile Include="AntiCheatHook.cpp">
      <Filter>Source Files</Filter>
    </ClCompile>
  </ItemGroup>
  <ItemGroup>
    <ClInclude Include="Anti-CheatBase.h">
      <Filter>Header Files</Filter>
    </ClInclude>
    <ClInclude Include="Anti-CheatCallback.h">
      <Filter>Header Files</Filter>
    </ClInclude>
    <ClInclude Include="Native\NativeEnums.h">
      <Filter>Header Files\Native</Filter>
    </ClInclude>
    <ClInclude Include="Native\NativeStructs.h">
      <Filter>Header Files\Native</Filter>
    </ClInclude>
    <ClInclude Include="Native\NativeStructs7.h">
      <Filter>Header Files\Native</Filter>
    </ClInclude>
    <ClInclude Include="Native\NativeStructs10.h">
      <Filter>Header Files\Native</Filter>
    </ClInclude>
    <ClInclude Include="Native\NativeStructs81.h">
      <Filter>Header Files\Native</Filter>
    </ClInclude>
    <ClInclude Include="Anti-CheatMiniFilter.h">
      <Filter>Header Files</Filter>
    </ClInclude>
    <ClInclude Include="strings.h">
      <Filter>Header Files</Filter>
    </ClInclude>
    <ClInclude Include="salsa20.h">
      <Filter>Header Files</Filter>
    </ClInclude>
    <ClInclude Include="zwapi.h">
      <Filter>Header Files</Filter>
    </ClInclude>
  </ItemGroup>
</Project>